
Microsoft Visual Studio Solution File, Format Version 12.00
# Visual Studio 15
VisualStudioVersion = 15.0.26228.9
MinimumVisualStudioVersion = 10.0.40219.1
Project("{FAE04EC0-301F-11D3-BF4B-00C04F79EFBC}") = "CSHARP.Data.SqlServer.Standard", "CSHARP.Data.SQLServer.Standard\CSHARP.Data.SqlServer.Standard.csproj", "{F911D71C-7BA1-4735-AE67-97DB3FC612A3}"
EndProject
Project("{FAE04EC0-301F-11D3-BF4B-00C04F79EFBC}") = "CSHARP.Data", "CSHARP.Data\CSHARP.Data.csproj", "{9EA143E5-F2E1-42C9-B7B6-7EDCD3DCB791}"
EndProject
Project("{FAE04EC0-301F-11D3-BF4B-00C04F79EFBC}") = "CSHARP.Data.SQL.MSPractices", "CSHARP.Data.SqlServer.MSPractices\CSHARP.Data.SQL.MSPractices.csproj", "{DB3EA192-C529-4756-B62A-55744F85203D}"
EndProject
Project("{FAE04EC0-301F-11D3-BF4B-00C04F79EFBC}") = "CSHARP.Data.SqlServer.Management", "CSHARP.Data.SqlServer.Management\CSHARP.Data.SqlServer.Management.csproj", "{D6BF3166-9FF4-4AC3-B728-B46D9513BC5D}"
EndProject
Global
	GlobalSection(SolutionConfigurationPlatforms) = preSolution
		Debug|Any CPU = Debug|Any CPU
		Release|Any CPU = Release|Any CPU
	EndGlobalSection
	GlobalSection(ProjectConfigurationPlatforms) = postSolution
		{F911D71C-7BA1-4735-AE67-97DB3FC612A3}.Debug|Any CPU.ActiveCfg = Debug|Any CPU
		{F911D71C-7BA1-4735-AE67-97DB3FC612A3}.Debug|Any CPU.Build.0 = Debug|Any CPU
		{F911D71C-7BA1-4735-AE67-97DB3FC612A3}.Release|Any CPU.ActiveCfg = Release|Any CPU
		{F911D71C-7BA1-4735-AE67-97DB3FC612A3}.Release|Any CPU.Build.0 = Release|Any CPU
		{9EA143E5-F2E1-42C9-B7B6-7EDCD3DCB791}.Debug|Any CPU.ActiveCfg = Debug|Any CPU
		{9EA143E5-F2E1-42C9-B7B6-7EDCD3DCB791}.Debug|Any CPU.Build.0 = Debug|Any CPU
		{9EA143E5-F2E1-42C9-B7B6-7EDCD3DCB791}.Release|Any CPU.ActiveCfg = Release|Any CPU
		{9EA143E5-F2E1-42C9-B7B6-7EDCD3DCB791}.Release|Any CPU.Build.0 = Release|Any CPU
		{DB3EA192-C529-4756-B62A-55744F85203D}.Debug|Any CPU.ActiveCfg = Debug|Any CPU
		{DB3EA192-C529-4756-B62A-55744F85203D}.Debug|Any CPU.Build.0 = Debug|Any CPU
		{DB3EA192-C529-4756-B62A-55744F85203D}.Release|Any CPU.ActiveCfg = Release|Any CPU
		{DB3EA192-C529-4756-B62A-55744F85203D}.Release|Any CPU.Build.0 = Release|Any CPU
		{D6BF3166-9FF4-4AC3-B728-B46D9513BC5D}.Debug|Any CPU.ActiveCfg = Debug|Any CPU
		{D6BF3166-9FF4-4AC3-B728-B46D9513BC5D}.Debug|Any CPU.Build.0 = Debug|Any CPU
		{D6BF3166-9FF4-4AC3-B728-B46D9513BC5D}.Release|Any CPU.ActiveCfg = Release|Any CPU
		{D6BF3166-9FF4-4AC3-B728-B46D9513BC5D}.Release|Any CPU.Build.0 = Release|Any CPU
	EndGlobalSection
	GlobalSection(SolutionProperties) = preSolution
		HideSolutionNode = FALSE
	EndGlobalSection
EndGlobal
